PODS:
  - Alamofire (4.8.2)
  - AlamofireObjectMapper (5.2.1):
    - Alamofire (~> 4.7)
    - ObjectMapper (~> 3.4)
  - Kingfisher (5.15.0):
    - Kingfisher/Core (= 5.15.0)
  - Kingfisher/Core (5.15.0)
  - ObjectMapper (3.5.3)
  - Reqres (3.1.1)

DEPENDENCIES:
  - Alamofire (~> 4.8.2)
  - AlamofireObjectMapper (~> 5.2)
  - Kingfisher
  - ObjectMapper (~> 3.5.1)
  - Reqres

SPEC REPOS:
  https://cdn.cocoapods.org/:
    - Alamofire
    - AlamofireObjectMapper
    - Kingfisher
    - ObjectMapper
    - Reqres

SPEC CHECKSUMS:
  Alamofire: ae5c501addb7afdbb13687d7f2f722c78734c2d3
  AlamofireObjectMapper: 1989f690e982b71921b9253f53a4f33a9bc00d88
  Kingfisher: 1acb67597a520c2d0310677e66d6e0af455ef757
  ObjectMapper: 97111c97e054a6ee25917662106689f0b4127b37
  Reqres: 4ebafc15b75c65fdf67edcec14520d43b836d4da

PODFILE CHECKSUM: c9fb43d2e1014aa4e56a09de7aa8bbe1a9b42f76

COCOAPODS: 1.8.4
