// !$*UTF8*$!
{
	archiveVersion = 1;
	classes = {
	};
	objectVersion = 51;
	objects = {

/* Begin PBXBuildFile section */
		3DD5DF2D251FBE990010B63D /* Meals.storyboard in Resources */ = {isa = PBXBuildFile; fileRef = 3DD5DF2C251FBE990010B63D /* Meals.storyboard */; };
		3DD5DF2F251FBEBB0010B63D /* MealsListViewController.swift in Sources */ = {isa = PBXBuildFile; fileRef = 3DD5DF2E251FBEBB0010B63D /* MealsListViewController.swift */; };
		3DD5DF31251FBF0E0010B63D /* AppStoryboard.swift in Sources */ = {isa = PBXBuildFile; fileRef = 3DD5DF30251FBF0E0010B63D /* AppStoryboard.swift */; };
		3DD5DF33251FBF420010B63D /* UIStoryboard+InstantiateViewController.swift in Sources */ = {isa = PBXBuildFile; fileRef = 3DD5DF32251FBF420010B63D /* UIStoryboard+InstantiateViewController.swift */; };
		3DD5DF3A251FC0EB0010B63D /* InstantiableFromStoryboard.swift in Sources */ = {isa = PBXBuildFile; fileRef = 3DD5DF39251FC0EB0010B63D /* InstantiableFromStoryboard.swift */; };
		3DD5DF3E251FC2630010B63D /* MealsListCell.xib in Resources */ = {isa = PBXBuildFile; fileRef = 3DD5DF3D251FC2630010B63D /* MealsListCell.xib */; };
		3DD5DF40251FC2690010B63D /* MealsListCell.swift in Sources */ = {isa = PBXBuildFile; fileRef = 3DD5DF3F251FC2690010B63D /* MealsListCell.swift */; };
		3DD5DF43251FC31A0010B63D /* MealsListItemViewModel.swift in Sources */ = {isa = PBXBuildFile; fileRef = 3DD5DF42251FC31A0010B63D /* MealsListItemViewModel.swift */; };
		3DD5DF45251FC4030010B63D /* UIImageView+LoadFromUrl.swift in Sources */ = {isa = PBXBuildFile; fileRef = 3DD5DF44251FC4030010B63D /* UIImageView+LoadFromUrl.swift */; };
		3DD5DF48251FC9EB0010B63D /* MealsListPresenter.swift in Sources */ = {isa = PBXBuildFile; fileRef = 3DD5DF47251FC9EB0010B63D /* MealsListPresenter.swift */; };
		3DD5DF4B251FCAE50010B63D /* MealsRouter.swift in Sources */ = {isa = PBXBuildFile; fileRef = 3DD5DF4A251FCAE50010B63D /* MealsRouter.swift */; };
		3DD5DF4F251FCD080010B63D /* HttpRequestBuilder.swift in Sources */ = {isa = PBXBuildFile; fileRef = 3DD5DF4E251FCD080010B63D /* HttpRequestBuilder.swift */; };
		3DD5DF51251FCD3D0010B63D /* HttpRepository.swift in Sources */ = {isa = PBXBuildFile; fileRef = 3DD5DF50251FCD3D0010B63D /* HttpRepository.swift */; };
		3DD5DF54251FCD7F0010B63D /* ApiRepository.swift in Sources */ = {isa = PBXBuildFile; fileRef = 3DD5DF53251FCD7F0010B63D /* ApiRepository.swift */; };
		3DD5DF56251FCDA20010B63D /* ApiEndpoints.swift in Sources */ = {isa = PBXBuildFile; fileRef = 3DD5DF55251FCDA20010B63D /* ApiEndpoints.swift */; };
		3DD5DF58251FCDB70010B63D /* ApiRequestBuilder.swift in Sources */ = {isa = PBXBuildFile; fileRef = 3DD5DF57251FCDB70010B63D /* ApiRequestBuilder.swift */; };
		3DD5DF5A251FCDDF0010B63D /* HttpManager.swift in Sources */ = {isa = PBXBuildFile; fileRef = 3DD5DF59251FCDDF0010B63D /* HttpManager.swift */; };
		3DD5DF5C251FCDF00010B63D /* NetworkRequestManager.swift in Sources */ = {isa = PBXBuildFile; fileRef = 3DD5DF5B251FCDF00010B63D /* NetworkRequestManager.swift */; };
		3DD5DF5F251FCEE50010B63D /* MealsRepository.swift in Sources */ = {isa = PBXBuildFile; fileRef = 3DD5DF5E251FCEE50010B63D /* MealsRepository.swift */; };
		3DD5DF62251FCF880010B63D /* Meal.swift in Sources */ = {isa = PBXBuildFile; fileRef = 3DD5DF61251FCF880010B63D /* Meal.swift */; };
		3DD5DF65251FD0470010B63D /* MealsListResponse.swift in Sources */ = {isa = PBXBuildFile; fileRef = 3DD5DF64251FD0470010B63D /* MealsListResponse.swift */; };
		3DD5DF67251FD1F40010B63D /* UIViewController+Dialogs.swift in Sources */ = {isa = PBXBuildFile; fileRef = 3DD5DF66251FD1F40010B63D /* UIViewController+Dialogs.swift */; };
		3DD5DF69251FD36E0010B63D /* MealDetailsViewController.swift in Sources */ = {isa = PBXBuildFile; fileRef = 3DD5DF68251FD36E0010B63D /* MealDetailsViewController.swift */; };
		3DD5DF6B251FD5D40010B63D /* MealDetailsViewModel.swift in Sources */ = {isa = PBXBuildFile; fileRef = 3DD5DF6A251FD5D40010B63D /* MealDetailsViewModel.swift */; };
		3DD5DF6D251FD89D0010B63D /* MealDetailsPresenter.swift in Sources */ = {isa = PBXBuildFile; fileRef = 3DD5DF6C251FD89D0010B63D /* MealDetailsPresenter.swift */; };
		3DD5DF70251FE0D70010B63D /* HomeRouter.swift in Sources */ = {isa = PBXBuildFile; fileRef = 3DD5DF6F251FE0D70010B63D /* HomeRouter.swift */; };
		3DD5DF73251FE1AF0010B63D /* LoadingOverlay.swift in Sources */ = {isa = PBXBuildFile; fileRef = 3DD5DF72251FE1AF0010B63D /* LoadingOverlay.swift */; };
		3DD5DF75251FE1D10010B63D /* UIView+AddEmbeddedView.swift.swift in Sources */ = {isa = PBXBuildFile; fileRef = 3DD5DF74251FE1D10010B63D /* UIView+AddEmbeddedView.swift.swift */; };
		3DE47D5E251FBB0D00D89C96 /* AppDelegate.swift in Sources */ = {isa = PBXBuildFile; fileRef = 3DE47D5D251FBB0D00D89C96 /* AppDelegate.swift */; };
		3DE47D60251FBB0D00D89C96 /* SceneDelegate.swift in Sources */ = {isa = PBXBuildFile; fileRef = 3DE47D5F251FBB0D00D89C96 /* SceneDelegate.swift */; };
		3DE47D62251FBB0D00D89C96 /* InitialViewController.swift in Sources */ = {isa = PBXBuildFile; fileRef = 3DE47D61251FBB0D00D89C96 /* InitialViewController.swift */; };
		3DE47D65251FBB0D00D89C96 /* Main.storyboard in Resources */ = {isa = PBXBuildFile; fileRef = 3DE47D63251FBB0D00D89C96 /* Main.storyboard */; };
		3DE47D67251FBB0E00D89C96 /* Assets.xcassets in Resources */ = {isa = PBXBuildFile; fileRef = 3DE47D66251FBB0E00D89C96 /* Assets.xcassets */; };
		3DE47D6A251FBB0E00D89C96 /* LaunchScreen.storyboard in Resources */ = {isa = PBXBuildFile; fileRef = 3DE47D68251FBB0E00D89C96 /* LaunchScreen.storyboard */; };
		3DE47D75251FBB0E00D89C96 /* TheMealTests.swift in Sources */ = {isa = PBXBuildFile; fileRef = 3DE47D74251FBB0E00D89C96 /* TheMealTests.swift */; };
		A83F314795107FC953598E86 /* Pods_TheMeal.framework in Frameworks */ = {isa = PBXBuildFile; fileRef = 4470D5CF74AF8AF78E02DF14 /* Pods_TheMeal.framework */; };
		CC1FD5FFE64FF3C75F14F2B8 /* Pods_TheMealTests.framework in Frameworks */ = {isa = PBXBuildFile; fileRef = 15D80EE33A606DC02ABAACDC /* Pods_TheMealTests.framework */; };
/* End PBXBuildFile section */

/* Begin PBXContainerItemProxy section */
		3DE47D71251FBB0E00D89C96 /* PBXContainerItemProxy */ = {
			isa = PBXContainerItemProxy;
			containerPortal = 3DE47D52251FBB0D00D89C96 /* Project object */;
			proxyType = 1;
			remoteGlobalIDString = 3DE47D59251FBB0D00D89C96;
			remoteInfo = TheMeal;
		};
/* End PBXContainerItemProxy section */

/* Begin PBXFileReference section */
		15D80EE33A606DC02ABAACDC /* Pods_TheMealTests.framework */ = {isa = PBXFileReference; explicitFileType = wrapper.framework; includeInIndex = 0; path = Pods_TheMealTests.framework; sourceTree = BUILT_PRODUCTS_DIR; };
		2507C06B709FDB9C02FA5346 /* Pods-TheMealTests.release.xcconfig */ = {isa = PBXFileReference; includeInIndex = 1; lastKnownFileType = text.xcconfig; name = "Pods-TheMealTests.release.xcconfig"; path = "Target Support Files/Pods-TheMealTests/Pods-TheMealTests.release.xcconfig"; sourceTree = "<group>"; };
		3DD5DF2C251FBE990010B63D /* Meals.storyboard */ = {isa = PBXFileReference; lastKnownFileType = file.storyboard; path = Meals.storyboard; sourceTree = "<group>"; };
		3DD5DF2E251FBEBB0010B63D /* MealsListViewController.swift */ = {isa = PBXFileReference; lastKnownFileType = sourcecode.swift; path = MealsListViewController.swift; sourceTree = "<group>"; };
		3DD5DF30251FBF0E0010B63D /* AppStoryboard.swift */ = {isa = PBXFileReference; lastKnownFileType = sourcecode.swift; path = AppStoryboard.swift; sourceTree = "<group>"; };
		3DD5DF32251FBF420010B63D /* UIStoryboard+InstantiateViewController.swift */ = {isa = PBXFileReference; lastKnownFileType = sourcecode.swift; path = "UIStoryboard+InstantiateViewController.swift"; sourceTree = "<group>"; };
		3DD5DF39251FC0EB0010B63D /* InstantiableFromStoryboard.swift */ = {isa = PBXFileReference; lastKnownFileType = sourcecode.swift; path = InstantiableFromStoryboard.swift; sourceTree = "<group>"; };
		3DD5DF3D251FC2630010B63D /* MealsListCell.xib */ = {isa = PBXFileReference; lastKnownFileType = file.xib; path = MealsListCell.xib; sourceTree = "<group>"; };
		3DD5DF3F251FC2690010B63D /* MealsListCell.swift */ = {isa = PBXFileReference; lastKnownFileType = sourcecode.swift; path = MealsListCell.swift; sourceTree = "<group>"; };
		3DD5DF42251FC31A0010B63D /* MealsListItemViewModel.swift */ = {isa = PBXFileReference; lastKnownFileType = sourcecode.swift; path = MealsListItemViewModel.swift; sourceTree = "<group>"; };
		3DD5DF44251FC4030010B63D /* UIImageView+LoadFromUrl.swift */ = {isa = PBXFileReference; lastKnownFileType = sourcecode.swift; path = "UIImageView+LoadFromUrl.swift"; sourceTree = "<group>"; };
		3DD5DF47251FC9EB0010B63D /* MealsListPresenter.swift */ = {isa = PBXFileReference; lastKnownFileType = sourcecode.swift; path = MealsListPresenter.swift; sourceTree = "<group>"; };
		3DD5DF4A251FCAE50010B63D /* MealsRouter.swift */ = {isa = PBXFileReference; lastKnownFileType = sourcecode.swift; path = MealsRouter.swift; sourceTree = "<group>"; };
		3DD5DF4E251FCD080010B63D /* HttpRequestBuilder.swift */ = {isa = PBXFileReference; lastKnownFileType = sourcecode.swift; path = HttpRequestBuilder.swift; sourceTree = "<group>"; };
		3DD5DF50251FCD3D0010B63D /* HttpRepository.swift */ = {isa = PBXFileReference; lastKnownFileType = sourcecode.swift; path = HttpRepository.swift; sourceTree = "<group>"; };
		3DD5DF53251FCD7F0010B63D /* ApiRepository.swift */ = {isa = PBXFileReference; lastKnownFileType = sourcecode.swift; path = ApiRepository.swift; sourceTree = "<group>"; };
		3DD5DF55251FCDA20010B63D /* ApiEndpoints.swift */ = {isa = PBXFileReference; lastKnownFileType = sourcecode.swift; path = ApiEndpoints.swift; sourceTree = "<group>"; };
		3DD5DF57251FCDB70010B63D /* ApiRequestBuilder.swift */ = {isa = PBXFileReference; lastKnownFileType = sourcecode.swift; path = ApiRequestBuilder.swift; sourceTree = "<group>"; };
		3DD5DF59251FCDDF0010B63D /* HttpManager.swift */ = {isa = PBXFileReference; lastKnownFileType = sourcecode.swift; path = HttpManager.swift; sourceTree = "<group>"; };
		3DD5DF5B251FCDF00010B63D /* NetworkRequestManager.swift */ = {isa = PBXFileReference; lastKnownFileType = sourcecode.swift; path = NetworkRequestManager.swift; sourceTree = "<group>"; };
		3DD5DF5E251FCEE50010B63D /* MealsRepository.swift */ = {isa = PBXFileReference; lastKnownFileType = sourcecode.swift; path = MealsRepository.swift; sourceTree = "<group>"; };
		3DD5DF61251FCF880010B63D /* Meal.swift */ = {isa = PBXFileReference; lastKnownFileType = sourcecode.swift; path = Meal.swift; sourceTree = "<group>"; };
		3DD5DF64251FD0470010B63D /* MealsListResponse.swift */ = {isa = PBXFileReference; lastKnownFileType = sourcecode.swift; path = MealsListResponse.swift; sourceTree = "<group>"; };
		3DD5DF66251FD1F40010B63D /* UIViewController+Dialogs.swift */ = {isa = PBXFileReference; lastKnownFileType = sourcecode.swift; path = "UIViewController+Dialogs.swift"; sourceTree = "<group>"; };
		3DD5DF68251FD36E0010B63D /* MealDetailsViewController.swift */ = {isa = PBXFileReference; lastKnownFileType = sourcecode.swift; path = MealDetailsViewController.swift; sourceTree = "<group>"; };
		3DD5DF6A251FD5D40010B63D /* MealDetailsViewModel.swift */ = {isa = PBXFileReference; lastKnownFileType = sourcecode.swift; path = MealDetailsViewModel.swift; sourceTree = "<group>"; };
		3DD5DF6C251FD89D0010B63D /* MealDetailsPresenter.swift */ = {isa = PBXFileReference; lastKnownFileType = sourcecode.swift; path = MealDetailsPresenter.swift; sourceTree = "<group>"; };
		3DD5DF6F251FE0D70010B63D /* HomeRouter.swift */ = {isa = PBXFileReference; lastKnownFileType = sourcecode.swift; path = HomeRouter.swift; sourceTree = "<group>"; };
		3DD5DF72251FE1AF0010B63D /* LoadingOverlay.swift */ = {isa = PBXFileReference; lastKnownFileType = sourcecode.swift; path = LoadingOverlay.swift; sourceTree = "<group>"; };
		3DD5DF74251FE1D10010B63D /* UIView+AddEmbeddedView.swift.swift */ = {isa = PBXFileReference; lastKnownFileType = sourcecode.swift; path = "UIView+AddEmbeddedView.swift.swift"; sourceTree = "<group>"; };
		3DE47D5A251FBB0D00D89C96 /* TheMealDB.app */ = {isa = PBXFileReference; explicitFileType = wrapper.application; includeInIndex = 0; path = TheMealDB.app; sourceTree = BUILT_PRODUCTS_DIR; };
		3DE47D5D251FBB0D00D89C96 /* AppDelegate.swift */ = {isa = PBXFileReference; lastKnownFileType = sourcecode.swift; path = AppDelegate.swift; sourceTree = "<group>"; };
		3DE47D5F251FBB0D00D89C96 /* SceneDelegate.swift */ = {isa = PBXFileReference; lastKnownFileType = sourcecode.swift; path = SceneDelegate.swift; sourceTree = "<group>"; };
		3DE47D61251FBB0D00D89C96 /* InitialViewController.swift */ = {isa = PBXFileReference; lastKnownFileType = sourcecode.swift; path = InitialViewController.swift; sourceTree = "<group>"; };
		3DE47D64251FBB0D00D89C96 /* Base */ = {isa = PBXFileReference; lastKnownFileType = file.storyboard; name = Base; path = Base.lproj/Main.storyboard; sourceTree = "<group>"; };
		3DE47D66251FBB0E00D89C96 /* Assets.xcassets */ = {isa = PBXFileReference; lastKnownFileType = folder.assetcatalog; path = Assets.xcassets; sourceTree = "<group>"; };
		3DE47D69251FBB0E00D89C96 /* Base */ = {isa = PBXFileReference; lastKnownFileType = file.storyboard; name = Base; path = Base.lproj/LaunchScreen.storyboard; sourceTree = "<group>"; };
		3DE47D6B251FBB0E00D89C96 /* Info.plist */ = {isa = PBXFileReference; lastKnownFileType = text.plist.xml; path = Info.plist; sourceTree = "<group>"; };
		3DE47D70251FBB0E00D89C96 /* TheMealTests.xctest */ = {isa = PBXFileReference; explicitFileType = wrapper.cfbundle; includeInIndex = 0; path = TheMealTests.xctest; sourceTree = BUILT_PRODUCTS_DIR; };
		3DE47D74251FBB0E00D89C96 /* TheMealTests.swift */ = {isa = PBXFileReference; lastKnownFileType = sourcecode.swift; path = TheMealTests.swift; sourceTree = "<group>"; };
		3DE47D76251FBB0E00D89C96 /* Info.plist */ = {isa = PBXFileReference; lastKnownFileType = text.plist.xml; path = Info.plist; sourceTree = "<group>"; };
		4470D5CF74AF8AF78E02DF14 /* Pods_TheMeal.framework */ = {isa = PBXFileReference; explicitFileType = wrapper.framework; includeInIndex = 0; path = Pods_TheMeal.framework; sourceTree = BUILT_PRODUCTS_DIR; };
		7CE75F81339F599C4952F197 /* Pods-TheMealTests.debug.xcconfig */ = {isa = PBXFileReference; includeInIndex = 1; lastKnownFileType = text.xcconfig; name = "Pods-TheMealTests.debug.xcconfig"; path = "Target Support Files/Pods-TheMealTests/Pods-TheMealTests.debug.xcconfig"; sourceTree = "<group>"; };
		C856DDB4C1948781FEC4CA89 /* Pods-TheMeal.release.xcconfig */ = {isa = PBXFileReference; includeInIndex = 1; lastKnownFileType = text.xcconfig; name = "Pods-TheMeal.release.xcconfig"; path = "Target Support Files/Pods-TheMeal/Pods-TheMeal.release.xcconfig"; sourceTree = "<group>"; };
		CF9B2A3AEEBE8DD0242EC861 /* Pods-TheMeal.debug.xcconfig */ = {isa = PBXFileReference; includeInIndex = 1; lastKnownFileType = text.xcconfig; name = "Pods-TheMeal.debug.xcconfig"; path = "Target Support Files/Pods-TheMeal/Pods-TheMeal.debug.xcconfig"; sourceTree = "<group>"; };
/* End PBXFileReference section */

/* Begin PBXFrameworksBuildPhase section */
		3DE47D57251FBB0D00D89C96 /* Frameworks */ = {
			isa = PBXFrameworksBuildPhase;
			buildActionMask = 2147483647;
			files = (
				A83F314795107FC953598E86 /* Pods_TheMeal.framework in Frameworks */,
			);
			runOnlyForDeploymentPostprocessing = 0;
		};
		3DE47D6D251FBB0E00D89C96 /* Frameworks */ = {
			isa = PBXFrameworksBuildPhase;
			buildActionMask = 2147483647;
			files = (
				CC1FD5FFE64FF3C75F14F2B8 /* Pods_TheMealTests.framework in Frameworks */,
			);
			runOnlyForDeploymentPostprocessing = 0;
		};
/* End PBXFrameworksBuildPhase section */

/* Begin PBXGroup section */
		2A029FD7BF04B74949A6AD0D /* Frameworks */ = {
			isa = PBXGroup;
			children = (
				4470D5CF74AF8AF78E02DF14 /* Pods_TheMeal.framework */,
				15D80EE33A606DC02ABAACDC /* Pods_TheMealTests.framework */,
			);
			name = Frameworks;
			sourceTree = "<group>";
		};
		3DD5DF36251FC0BF0010B63D /* Extensions */ = {
			isa = PBXGroup;
			children = (
				3DD5DF38251FC0CF0010B63D /* UIKit */,
			);
			path = Extensions;
			sourceTree = "<group>";
		};
		3DD5DF37251FC0C40010B63D /* Protocols */ = {
			isa = PBXGroup;
			children = (
				3DD5DF39251FC0EB0010B63D /* InstantiableFromStoryboard.swift */,
			);
			path = Protocols;
			sourceTree = "<group>";
		};
		3DD5DF38251FC0CF0010B63D /* UIKit */ = {
			isa = PBXGroup;
			children = (
				3DD5DF32251FBF420010B63D /* UIStoryboard+InstantiateViewController.swift */,
				3DD5DF44251FC4030010B63D /* UIImageView+LoadFromUrl.swift */,
				3DD5DF66251FD1F40010B63D /* UIViewController+Dialogs.swift */,
				3DD5DF74251FE1D10010B63D /* UIView+AddEmbeddedView.swift.swift */,
			);
			path = UIKit;
			sourceTree = "<group>";
		};
		3DD5DF3B251FC24E0010B63D /* Views */ = {
			isa = PBXGroup;
			children = (
				3DD5DF71251FE1A30010B63D /* LoadingOverlay */,
				3DD5DF3C251FC2550010B63D /* MealsListCell */,
			);
			path = Views;
			sourceTree = "<group>";
		};
		3DD5DF3C251FC2550010B63D /* MealsListCell */ = {
			isa = PBXGroup;
			children = (
				3DD5DF3D251FC2630010B63D /* MealsListCell.xib */,
				3DD5DF3F251FC2690010B63D /* MealsListCell.swift */,
			);
			path = MealsListCell;
			sourceTree = "<group>";
		};
		3DD5DF41251FC3070010B63D /* ViewModels */ = {
			isa = PBXGroup;
			children = (
				3DD5DF42251FC31A0010B63D /* MealsListItemViewModel.swift */,
				3DD5DF6A251FD5D40010B63D /* MealDetailsViewModel.swift */,
			);
			path = ViewModels;
			sourceTree = "<group>";
		};
		3DD5DF46251FC9DA0010B63D /* Presenters */ = {
			isa = PBXGroup;
			children = (
				3DD5DF47251FC9EB0010B63D /* MealsListPresenter.swift */,
				3DD5DF6C251FD89D0010B63D /* MealDetailsPresenter.swift */,
			);
			path = Presenters;
			sourceTree = "<group>";
		};
		3DD5DF49251FCADB0010B63D /* Routers */ = {
			isa = PBXGroup;
			children = (
				3DD5DF4A251FCAE50010B63D /* MealsRouter.swift */,
				3DD5DF6F251FE0D70010B63D /* HomeRouter.swift */,
			);
			path = Routers;
			sourceTree = "<group>";
		};
		3DD5DF4C251FCCB20010B63D /* Network */ = {
			isa = PBXGroup;
			children = (
				3DD5DF63251FD03D0010B63D /* ResponseModels */,
				3DD5DF52251FCD6E0010B63D /* Api */,
				3DD5DF4D251FCCC10010B63D /* Base */,
			);
			path = Network;
			sourceTree = "<group>";
		};
		3DD5DF4D251FCCC10010B63D /* Base */ = {
			isa = PBXGroup;
			children = (
				3DD5DF4E251FCD080010B63D /* HttpRequestBuilder.swift */,
				3DD5DF50251FCD3D0010B63D /* HttpRepository.swift */,
				3DD5DF59251FCDDF0010B63D /* HttpManager.swift */,
				3DD5DF5B251FCDF00010B63D /* NetworkRequestManager.swift */,
			);
			path = Base;
			sourceTree = "<group>";
		};
		3DD5DF52251FCD6E0010B63D /* Api */ = {
			isa = PBXGroup;
			children = (
				3DD5DF53251FCD7F0010B63D /* ApiRepository.swift */,
				3DD5DF55251FCDA20010B63D /* ApiEndpoints.swift */,
				3DD5DF57251FCDB70010B63D /* ApiRequestBuilder.swift */,
			);
			path = Api;
			sourceTree = "<group>";
		};
		3DD5DF5D251FCED00010B63D /* Repositories */ = {
			isa = PBXGroup;
			children = (
				3DD5DF5E251FCEE50010B63D /* MealsRepository.swift */,
			);
			path = Repositories;
			sourceTree = "<group>";
		};
		3DD5DF60251FCF790010B63D /* Models */ = {
			isa = PBXGroup;
			children = (
				3DD5DF61251FCF880010B63D /* Meal.swift */,
			);
			path = Models;
			sourceTree = "<group>";
		};
		3DD5DF63251FD03D0010B63D /* ResponseModels */ = {
			isa = PBXGroup;
			children = (
				3DD5DF64251FD0470010B63D /* MealsListResponse.swift */,
			);
			path = ResponseModels;
			sourceTree = "<group>";
		};
		3DD5DF71251FE1A30010B63D /* LoadingOverlay */ = {
			isa = PBXGroup;
			children = (
				3DD5DF72251FE1AF0010B63D /* LoadingOverlay.swift */,
			);
			path = LoadingOverlay;
			sourceTree = "<group>";
		};
		3DE47D51251FBB0D00D89C96 = {
			isa = PBXGroup;
			children = (
				3DE47D5C251FBB0D00D89C96 /* TheMeal */,
				3DE47D73251FBB0E00D89C96 /* TheMealTests */,
				3DE47D5B251FBB0D00D89C96 /* Products */,
				751D4DB0E0184BA7379073A1 /* Pods */,
				2A029FD7BF04B74949A6AD0D /* Frameworks */,
			);
			sourceTree = "<group>";
		};
		3DE47D5B251FBB0D00D89C96 /* Products */ = {
			isa = PBXGroup;
			children = (
				3DE47D5A251FBB0D00D89C96 /* TheMealDB.app */,
				3DE47D70251FBB0E00D89C96 /* TheMealTests.xctest */,
			);
			name = Products;
			sourceTree = "<group>";
		};
		3DE47D5C251FBB0D00D89C96 /* TheMeal */ = {
			isa = PBXGroup;
			children = (
				3DE47D6B251FBB0E00D89C96 /* Info.plist */,
				3DE47D5D251FBB0D00D89C96 /* AppDelegate.swift */,
				3DE47D5F251FBB0D00D89C96 /* SceneDelegate.swift */,
				3DE47D66251FBB0E00D89C96 /* Assets.xcassets */,
				3DD5DF36251FC0BF0010B63D /* Extensions */,
				3DD5DF60251FCF790010B63D /* Models */,
				3DD5DF4C251FCCB20010B63D /* Network */,
				3DD5DF46251FC9DA0010B63D /* Presenters */,
				3DD5DF37251FC0C40010B63D /* Protocols */,
				3DD5DF5D251FCED00010B63D /* Repositories */,
				3DD5DF49251FCADB0010B63D /* Routers */,
				3DE47D80251FBE6300D89C96 /* Storyboards */,
				3DE47D7F251FBE3900D89C96 /* ViewControllers */,
				3DD5DF41251FC3070010B63D /* ViewModels */,
				3DD5DF3B251FC24E0010B63D /* Views */,
			);
			path = TheMeal;
			sourceTree = "<group>";
		};
		3DE47D73251FBB0E00D89C96 /* TheMealTests */ = {
			isa = PBXGroup;
			children = (
				3DE47D74251FBB0E00D89C96 /* TheMealTests.swift */,
				3DE47D76251FBB0E00D89C96 /* Info.plist */,
			);
			path = TheMealTests;
			sourceTree = "<group>";
		};
		3DE47D7F251FBE3900D89C96 /* ViewControllers */ = {
			isa = PBXGroup;
			children = (
				3DE47D61251FBB0D00D89C96 /* InitialViewController.swift */,
				3DD5DF2E251FBEBB0010B63D /* MealsListViewController.swift */,
				3DD5DF68251FD36E0010B63D /* MealDetailsViewController.swift */,
			);
			path = ViewControllers;
			sourceTree = "<group>";
		};
		3DE47D80251FBE6300D89C96 /* Storyboards */ = {
			isa = PBXGroup;
			children = (
				3DD5DF30251FBF0E0010B63D /* AppStoryboard.swift */,
				3DE47D68251FBB0E00D89C96 /* LaunchScreen.storyboard */,
				3DE47D63251FBB0D00D89C96 /* Main.storyboard */,
				3DD5DF2C251FBE990010B63D /* Meals.storyboard */,
			);
			path = Storyboards;
			sourceTree = "<group>";
		};
		751D4DB0E0184BA7379073A1 /* Pods */ = {
			isa = PBXGroup;
			children = (
				CF9B2A3AEEBE8DD0242EC861 /* Pods-TheMeal.debug.xcconfig */,
				C856DDB4C1948781FEC4CA89 /* Pods-TheMeal.release.xcconfig */,
				7CE75F81339F599C4952F197 /* Pods-TheMealTests.debug.xcconfig */,
				2507C06B709FDB9C02FA5346 /* Pods-TheMealTests.release.xcconfig */,
			);
			path = Pods;
			sourceTree = "<group>";
		};
/* End PBXGroup section */

/* Begin PBXNativeTarget section */
		3DE47D59251FBB0D00D89C96 /* TheMeal */ = {
			isa = PBXNativeTarget;
			buildConfigurationList = 3DE47D79251FBB0E00D89C96 /* Build configuration list for PBXNativeTarget "TheMeal" */;
			buildPhases = (
				82AE2F517EED923C5A35C556 /* [CP] Check Pods Manifest.lock */,
				3DE47D56251FBB0D00D89C96 /* Sources */,
				3DE47D57251FBB0D00D89C96 /* Frameworks */,
				3DE47D58251FBB0D00D89C96 /* Resources */,
				526866C28A36B942FDD98B54 /* [CP] Embed Pods Frameworks */,
			);
			buildRules = (
			);
			dependencies = (
			);
			name = TheMeal;
			productName = TheMeal;
			productReference = 3DE47D5A251FBB0D00D89C96 /* TheMealDB.app */;
			productType = "com.apple.product-type.application";
		};
		3DE47D6F251FBB0E00D89C96 /* TheMealTests */ = {
			isa = PBXNativeTarget;
			buildConfigurationList = 3DE47D7C251FBB0E00D89C96 /* Build configuration list for PBXNativeTarget "TheMealTests" */;
			buildPhases = (
				F4908BF2BA4304739B7C1A16 /* [CP] Check Pods Manifest.lock */,
				3DE47D6C251FBB0E00D89C96 /* Sources */,
				3DE47D6D251FBB0E00D89C96 /* Frameworks */,
				3DE47D6E251FBB0E00D89C96 /* Resources */,
			);
			buildRules = (
			);
			dependencies = (
				3DE47D72251FBB0E00D89C96 /* PBXTargetDependency */,
			);
			name = TheMealTests;
			productName = TheMealTests;
			productReference = 3DE47D70251FBB0E00D89C96 /* TheMealTests.xctest */;
			productType = "com.apple.product-type.bundle.unit-test";
		};
/* End PBXNativeTarget section */

/* Begin PBXProject section */
		3DE47D52251FBB0D00D89C96 /* Project object */ = {
			isa = PBXProject;
			attributes = {
				LastSwiftUpdateCheck = 1150;
				LastUpgradeCheck = 1150;
				ORGANIZATIONNAME = "Gastón Sobrevilla";
				TargetAttributes = {
					3DE47D59251FBB0D00D89C96 = {
						CreatedOnToolsVersion = 11.5;
					};
					3DE47D6F251FBB0E00D89C96 = {
						CreatedOnToolsVersion = 11.5;
						TestTargetID = 3DE47D59251FBB0D00D89C96;
					};
				};
			};
			buildConfigurationList = 3DE47D55251FBB0D00D89C96 /* Build configuration list for PBXProject "TheMeal" */;
			compatibilityVersion = "Xcode 9.3";
			developmentRegion = en;
			hasScannedForEncodings = 0;
			knownRegions = (
				en,
				Base,
			);
			mainGroup = 3DE47D51251FBB0D00D89C96;
			productRefGroup = 3DE47D5B251FBB0D00D89C96 /* Products */;
			projectDirPath = "";
			projectRoot = "";
			targets = (
				3DE47D59251FBB0D00D89C96 /* TheMeal */,
				3DE47D6F251FBB0E00D89C96 /* TheMealTests */,
			);
		};
/* End PBXProject section */

/* Begin PBXResourcesBuildPhase section */
		3DE47D58251FBB0D00D89C96 /* Resources */ = {
			isa = PBXResourcesBuildPhase;
			buildActionMask = 2147483647;
			files = (
				3DD5DF3E251FC2630010B63D /* MealsListCell.xib in Resources */,
				3DE47D6A251FBB0E00D89C96 /* LaunchScreen.storyboard in Resources */,
				3DD5DF2D251FBE990010B63D /* Meals.storyboard in Resources */,
				3DE47D67251FBB0E00D89C96 /* Assets.xcassets in Resources */,
				3DE47D65251FBB0D00D89C96 /* Main.storyboard in Resources */,
			);
			runOnlyForDeploymentPostprocessing = 0;
		};
		3DE47D6E251FBB0E00D89C96 /* Resources */ = {
			isa = PBXResourcesBuildPhase;
			buildActionMask = 2147483647;
			files = (
			);
			runOnlyForDeploymentPostprocessing = 0;
		};
/* End PBXResourcesBuildPhase section */

/* Begin PBXShellScriptBuildPhase section */
		526866C28A36B942FDD98B54 /* [CP] Embed Pods Frameworks */ = {
			isa = PBXShellScriptBuildPhase;
			buildActionMask = 2147483647;
			files = (
			);
			inputFileListPaths = (
				"${PODS_ROOT}/Target Support Files/Pods-TheMeal/Pods-TheMeal-frameworks-${CONFIGURATION}-input-files.xcfilelist",
			);
			name = "[CP] Embed Pods Frameworks";
			outputFileListPaths = (
				"${PODS_ROOT}/Target Support Files/Pods-TheMeal/Pods-TheMeal-frameworks-${CONFIGURATION}-output-files.xcfilelist",
			);
			runOnlyForDeploymentPostprocessing = 0;
			shellPath = /bin/sh;
			shellScript = "\"${PODS_ROOT}/Target Support Files/Pods-TheMeal/Pods-TheMeal-frameworks.sh\"\n";
			showEnvVarsInLog = 0;
		};
		82AE2F517EED923C5A35C556 /* [CP] Check Pods Manifest.lock */ = {
			isa = PBXShellScriptBuildPhase;
			buildActionMask = 2147483647;
			files = (
			);
			inputFileListPaths = (
			);
			inputPaths = (
				"${PODS_PODFILE_DIR_PATH}/Podfile.lock",
				"${PODS_ROOT}/Manifest.lock",
			);
			name = "[CP] Check Pods Manifest.lock";
			outputFileListPaths = (
			);
			outputPaths = (
				"$(DERIVED_FILE_DIR)/Pods-TheMeal-checkManifestLockResult.txt",
			);
			runOnlyForDeploymentPostprocessing = 0;
			shellPath = /bin/sh;
			shellScript = "diff \"${PODS_PODFILE_DIR_PATH}/Podfile.lock\" \"${PODS_ROOT}/Manifest.lock\" > /dev/null\nif [ $? != 0 ] ; then\n    # print error to STDERR\n    echo \"error: The sandbox is not in sync with the Podfile.lock. Run 'pod install' or update your CocoaPods installation.\" >&2\n    exit 1\nfi\n# This output is used by Xcode 'outputs' to avoid re-running this script phase.\necho \"SUCCESS\" > \"${SCRIPT_OUTPUT_FILE_0}\"\n";
			showEnvVarsInLog = 0;
		};
		F4908BF2BA4304739B7C1A16 /* [CP] Check Pods Manifest.lock */ = {
			isa = PBXShellScriptBuildPhase;
			buildActionMask = 2147483647;
			files = (
			);
			inputFileListPaths = (
			);
			inputPaths = (
				"${PODS_PODFILE_DIR_PATH}/Podfile.lock",
				"${PODS_ROOT}/Manifest.lock",
			);
			name = "[CP] Check Pods Manifest.lock";
			outputFileListPaths = (
			);
			outputPaths = (
				"$(DERIVED_FILE_DIR)/Pods-TheMealTests-checkManifestLockResult.txt",
			);
			runOnlyForDeploymentPostprocessing = 0;
			shellPath = /bin/sh;
			shellScript = "diff \"${PODS_PODFILE_DIR_PATH}/Podfile.lock\" \"${PODS_ROOT}/Manifest.lock\" > /dev/null\nif [ $? != 0 ] ; then\n    # print error to STDERR\n    echo \"error: The sandbox is not in sync with the Podfile.lock. Run 'pod install' or update your CocoaPods installation.\" >&2\n    exit 1\nfi\n# This output is used by Xcode 'outputs' to avoid re-running this script phase.\necho \"SUCCESS\" > \"${SCRIPT_OUTPUT_FILE_0}\"\n";
			showEnvVarsInLog = 0;
		};
/* End PBXShellScriptBuildPhase section */

/* Begin PBXSourcesBuildPhase section */
		3DE47D56251FBB0D00D89C96 /* Sources */ = {
			isa = PBXSourcesBuildPhase;
			buildActionMask = 2147483647;
			files = (
				3DD5DF31251FBF0E0010B63D /* AppStoryboard.swift in Sources */,
				3DE47D62251FBB0D00D89C96 /* InitialViewController.swift in Sources */,
				3DD5DF45251FC4030010B63D /* UIImageView+LoadFromUrl.swift in Sources */,
				3DD5DF5C251FCDF00010B63D /* NetworkRequestManager.swift in Sources */,
				3DD5DF5A251FCDDF0010B63D /* HttpManager.swift in Sources */,
				3DD5DF33251FBF420010B63D /* UIStoryboard+InstantiateViewController.swift in Sources */,
				3DD5DF2F251FBEBB0010B63D /* MealsListViewController.swift in Sources */,
				3DD5DF48251FC9EB0010B63D /* MealsListPresenter.swift in Sources */,
				3DD5DF4F251FCD080010B63D /* HttpRequestBuilder.swift in Sources */,
				3DD5DF40251FC2690010B63D /* MealsListCell.swift in Sources */,
				3DD5DF6D251FD89D0010B63D /* MealDetailsPresenter.swift in Sources */,
				3DD5DF73251FE1AF0010B63D /* LoadingOverlay.swift in Sources */,
				3DD5DF5F251FCEE50010B63D /* MealsRepository.swift in Sources */,
				3DD5DF4B251FCAE50010B63D /* MealsRouter.swift in Sources */,
				3DD5DF51251FCD3D0010B63D /* HttpRepository.swift in Sources */,
				3DD5DF3A251FC0EB0010B63D /* InstantiableFromStoryboard.swift in Sources */,
				3DD5DF69251FD36E0010B63D /* MealDetailsViewController.swift in Sources */,
				3DD5DF58251FCDB70010B63D /* ApiRequestBuilder.swift in Sources */,
				3DD5DF56251FCDA20010B63D /* ApiEndpoints.swift in Sources */,
				3DD5DF62251FCF880010B63D /* Meal.swift in Sources */,
				3DD5DF67251FD1F40010B63D /* UIViewController+Dialogs.swift in Sources */,
				3DD5DF54251FCD7F0010B63D /* ApiRepository.swift in Sources */,
				3DE47D5E251FBB0D00D89C96 /* AppDelegate.swift in Sources */,
				3DD5DF75251FE1D10010B63D /* UIView+AddEmbeddedView.swift.swift in Sources */,
				3DD5DF65251FD0470010B63D /* MealsListResponse.swift in Sources */,
				3DE47D60251FBB0D00D89C96 /* SceneDelegate.swift in Sources */,
				3DD5DF6B251FD5D40010B63D /* MealDetailsViewModel.swift in Sources */,
				3DD5DF70251FE0D70010B63D /* HomeRouter.swift in Sources */,
				3DD5DF43251FC31A0010B63D /* MealsListItemViewModel.swift in Sources */,
			);
			runOnlyForDeploymentPostprocessing = 0;
		};
		3DE47D6C251FBB0E00D89C96 /* Sources */ = {
			isa = PBXSourcesBuildPhase;
			buildActionMask = 2147483647;
			files = (
				3DE47D75251FBB0E00D89C96 /* TheMealTests.swift in Sources */,
			);
			runOnlyForDeploymentPostprocessing = 0;
		};
/* End PBXSourcesBuildPhase section */

/* Begin PBXTargetDependency section */
		3DE47D72251FBB0E00D89C96 /* PBXTargetDependency */ = {
			isa = PBXTargetDependency;
			target = 3DE47D59251FBB0D00D89C96 /* TheMeal */;
			targetProxy = 3DE47D71251FBB0E00D89C96 /* PBXContainerItemProxy */;
		};
/* End PBXTargetDependency section */

/* Begin PBXVariantGroup section */
		3DE47D63251FBB0D00D89C96 /* Main.storyboard */ = {
			isa = PBXVariantGroup;
			children = (
				3DE47D64251FBB0D00D89C96 /* Base */,
			);
			name = Main.storyboard;
			sourceTree = "<group>";
		};
		3DE47D68251FBB0E00D89C96 /* LaunchScreen.storyboard */ = {
			isa = PBXVariantGroup;
			children = (
				3DE47D69251FBB0E00D89C96 /* Base */,
			);
			name = LaunchScreen.storyboard;
			sourceTree = "<group>";
		};
/* End PBXVariantGroup section */

/* Begin XCBuildConfiguration section */
		3DE47D77251FBB0E00D89C96 /* Debug */ = {
			isa = XCBuildConfiguration;
			buildSettings = {
				ALWAYS_SEARCH_USER_PATHS = NO;
				CLANG_ANALYZER_NONNULL = YES;
				CLANG_ANALYZER_NUMBER_OBJECT_CONVERSION = YES_AGGRESSIVE;
				CLANG_CXX_LANGUAGE_STANDARD = "gnu++14";
				CLANG_CXX_LIBRARY = "libc++";
				CLANG_ENABLE_MODULES = YES;
				CLANG_ENABLE_OBJC_ARC = YES;
				CLANG_ENABLE_OBJC_WEAK = YES;
				CLANG_WARN_BLOCK_CAPTURE_AUTORELEASING = YES;
				CLANG_WARN_BOOL_CONVERSION = YES;
				CLANG_WARN_COMMA = YES;
				CLANG_WARN_CONSTANT_CONVERSION = YES;
				CLANG_WARN_DEPRECATED_OBJC_IMPLEMENTATIONS = YES;
				CLANG_WARN_DIRECT_OBJC_ISA_USAGE = YES_ERROR;
				CLANG_WARN_DOCUMENTATION_COMMENTS = YES;
				CLANG_WARN_EMPTY_BODY = YES;
				CLANG_WARN_ENUM_CONVERSION = YES;
				CLANG_WARN_INFINITE_RECURSION = YES;
				CLANG_WARN_INT_CONVERSION = YES;
				CLANG_WARN_NON_LITERAL_NULL_CONVERSION = YES;
				CLANG_WARN_OBJC_IMPLICIT_RETAIN_SELF = YES;
				CLANG_WARN_OBJC_LITERAL_CONVERSION = YES;
				CLANG_WARN_OBJC_ROOT_CLASS = YES_ERROR;
				CLANG_WARN_RANGE_LOOP_ANALYSIS = YES;
				CLANG_WARN_STRICT_PROTOTYPES = YES;
				CLANG_WARN_SUSPICIOUS_MOVE = YES;
				CLANG_WARN_UNGUARDED_AVAILABILITY = YES_AGGRESSIVE;
				CLANG_WARN_UNREACHABLE_CODE = YES;
				CLANG_WARN__DUPLICATE_METHOD_MATCH = YES;
				COPY_PHASE_STRIP = NO;
				DEBUG_INFORMATION_FORMAT = dwarf;
				ENABLE_STRICT_OBJC_MSGSEND = YES;
				ENABLE_TESTABILITY = YES;
				GCC_C_LANGUAGE_STANDARD = gnu11;
				GCC_DYNAMIC_NO_PIC = NO;
				GCC_NO_COMMON_BLOCKS = YES;
				GCC_OPTIMIZATION_LEVEL = 0;
				GCC_PREPROCESSOR_DEFINITIONS = (
					"DEBUG=1",
					"$(inherited)",
				);
				GCC_WARN_64_TO_32_BIT_CONVERSION = YES;
				GCC_WARN_ABOUT_RETURN_TYPE = YES_ERROR;
				GCC_WARN_UNDECLARED_SELECTOR = YES;
				GCC_WARN_UNINITIALIZED_AUTOS = YES_AGGRESSIVE;
				GCC_WARN_UNUSED_FUNCTION = YES;
				GCC_WARN_UNUSED_VARIABLE = YES;
				IPHONEOS_DEPLOYMENT_TARGET = 13.5;
				MTL_ENABLE_DEBUG_INFO = INCLUDE_SOURCE;
				MTL_FAST_MATH = YES;
				ONLY_ACTIVE_ARCH = YES;
				SDKROOT = iphoneos;
				SWIFT_ACTIVE_COMPILATION_CONDITIONS = DEBUG;
				SWIFT_OPTIMIZATION_LEVEL = "-Onone";
			};
			name = Debug;
		};
		3DE47D78251FBB0E00D89C96 /* Release */ = {
			isa = XCBuildConfiguration;
			buildSettings = {
				ALWAYS_SEARCH_USER_PATHS = NO;
				CLANG_ANALYZER_NONNULL = YES;
				CLANG_ANALYZER_NUMBER_OBJECT_CONVERSION = YES_AGGRESSIVE;
				CLANG_CXX_LANGUAGE_STANDARD = "gnu++14";
				CLANG_CXX_LIBRARY = "libc++";
				CLANG_ENABLE_MODULES = YES;
				CLANG_ENABLE_OBJC_ARC = YES;
				CLANG_ENABLE_OBJC_WEAK = YES;
				CLANG_WARN_BLOCK_CAPTURE_AUTORELEASING = YES;
				CLANG_WARN_BOOL_CONVERSION = YES;
				CLANG_WARN_COMMA = YES;
				CLANG_WARN_CONSTANT_CONVERSION = YES;
				CLANG_WARN_DEPRECATED_OBJC_IMPLEMENTATIONS = YES;
				CLANG_WARN_DIRECT_OBJC_ISA_USAGE = YES_ERROR;
				CLANG_WARN_DOCUMENTATION_COMMENTS = YES;
				CLANG_WARN_EMPTY_BODY = YES;
				CLANG_WARN_ENUM_CONVERSION = YES;
				CLANG_WARN_INFINITE_RECURSION = YES;
				CLANG_WARN_INT_CONVERSION = YES;
				CLANG_WARN_NON_LITERAL_NULL_CONVERSION = YES;
				CLANG_WARN_OBJC_IMPLICIT_RETAIN_SELF = YES;
				CLANG_WARN_OBJC_LITERAL_CONVERSION = YES;
				CLANG_WARN_OBJC_ROOT_CLASS = YES_ERROR;
				CLANG_WARN_RANGE_LOOP_ANALYSIS = YES;
				CLANG_WARN_STRICT_PROTOTYPES = YES;
				CLANG_WARN_SUSPICIOUS_MOVE = YES;
				CLANG_WARN_UNGUARDED_AVAILABILITY = YES_AGGRESSIVE;
				CLANG_WARN_UNREACHABLE_CODE = YES;
				CLANG_WARN__DUPLICATE_METHOD_MATCH = YES;
				COPY_PHASE_STRIP = NO;
				DEBUG_INFORMATION_FORMAT = "dwarf-with-dsym";
				ENABLE_NS_ASSERTIONS = NO;
				ENABLE_STRICT_OBJC_MSGSEND = YES;
				GCC_C_LANGUAGE_STANDARD = gnu11;
				GCC_NO_COMMON_BLOCKS = YES;
				GCC_WARN_64_TO_32_BIT_CONVERSION = YES;
				GCC_WARN_ABOUT_RETURN_TYPE = YES_ERROR;
				GCC_WARN_UNDECLARED_SELECTOR = YES;
				GCC_WARN_UNINITIALIZED_AUTOS = YES_AGGRESSIVE;
				GCC_WARN_UNUSED_FUNCTION = YES;
				GCC_WARN_UNUSED_VARIABLE = YES;
				IPHONEOS_DEPLOYMENT_TARGET = 13.5;
				MTL_ENABLE_DEBUG_INFO = NO;
				MTL_FAST_MATH = YES;
				SDKROOT = iphoneos;
				SWIFT_COMPILATION_MODE = wholemodule;
				SWIFT_OPTIMIZATION_LEVEL = "-O";
				VALIDATE_PRODUCT = YES;
			};
			name = Release;
		};
		3DE47D7A251FBB0E00D89C96 /* Debug */ = {
			isa = XCBuildConfiguration;
			baseConfigurationReference = CF9B2A3AEEBE8DD0242EC861 /* Pods-TheMeal.debug.xcconfig */;
			buildSettings = {
				ASSETCATALOG_COMPILER_APPICON_NAME = AppIcon;
				CODE_SIGN_STYLE = Automatic;
				DEVELOPMENT_TEAM = 26JD983RQL;
				INFOPLIST_FILE = TheMeal/Info.plist;
				IPHONEOS_DEPLOYMENT_TARGET = 13.0;
				LD_RUNPATH_SEARCH_PATHS = (
					"$(inherited)",
					"@executable_path/Frameworks",
				);
				MARKETING_VERSION = 1.0.0;
				PRODUCT_BUNDLE_IDENTIFIER = ar.com.sobrevilla.TheMeal;
				PRODUCT_NAME = TheMealDB;
				SWIFT_VERSION = 5.0;
				TARGETED_DEVICE_FAMILY = 1;
			};
			name = Debug;
		};
		3DE47D7B251FBB0E00D89C96 /* Release */ = {
			isa = XCBuildConfiguration;
			baseConfigurationReference = C856DDB4C1948781FEC4CA89 /* Pods-TheMeal.release.xcconfig */;
			buildSettings = {
				ASSETCATALOG_COMPILER_APPICON_NAME = AppIcon;
				CODE_SIGN_STYLE = Automatic;
				DEVELOPMENT_TEAM = 26JD983RQL;
				INFOPLIST_FILE = TheMeal/Info.plist;
				IPHONEOS_DEPLOYMENT_TARGET = 13.0;
				LD_RUNPATH_SEARCH_PATHS = (
					"$(inherited)",
					"@executable_path/Frameworks",
				);
				MARKETING_VERSION = 1.0.0;
				PRODUCT_BUNDLE_IDENTIFIER = ar.com.sobrevilla.TheMeal;
				PRODUCT_NAME = TheMealDB;
				SWIFT_VERSION = 5.0;
				TARGETED_DEVICE_FAMILY = 1;
			};
			name = Release;
		};
		3DE47D7D251FBB0E00D89C96 /* Debug */ = {
			isa = XCBuildConfiguration;
			baseConfigurationReference = 7CE75F81339F599C4952F197 /* Pods-TheMealTests.debug.xcconfig */;
			buildSettings = {
				ALWAYS_EMBED_SWIFT_STANDARD_LIBRARIES = YES;
				BUNDLE_LOADER = "$(TEST_HOST)";
				CODE_SIGN_STYLE = Automatic;
				DEVELOPMENT_TEAM = 26JD983RQL;
				INFOPLIST_FILE = TheMealTests/Info.plist;
				IPHONEOS_DEPLOYMENT_TARGET = 13.5;
				LD_RUNPATH_SEARCH_PATHS = (
					"$(inherited)",
					"@executable_path/Frameworks",
					"@loader_path/Frameworks",
				);
				PRODUCT_BUNDLE_IDENTIFIER = ar.com.sobrevilla.TheMealTests;
				PRODUCT_NAME = "$(TARGET_NAME)";
				SWIFT_VERSION = 5.0;
				TARGETED_DEVICE_FAMILY = "1,2";
				TEST_HOST = "$(BUILT_PRODUCTS_DIR)/TheMeal.app/TheMeal";
			};
			name = Debug;
		};
		3DE47D7E251FBB0E00D89C96 /* Release */ = {
			isa = XCBuildConfiguration;
			baseConfigurationReference = 2507C06B709FDB9C02FA5346 /* Pods-TheMealTests.release.xcconfig */;
			buildSettings = {
				ALWAYS_EMBED_SWIFT_STANDARD_LIBRARIES = YES;
				BUNDLE_LOADER = "$(TEST_HOST)";
				CODE_SIGN_STYLE = Automatic;
				DEVELOPMENT_TEAM = 26JD983RQL;
				INFOPLIST_FILE = TheMealTests/Info.plist;
				IPHONEOS_DEPLOYMENT_TARGET = 13.5;
				LD_RUNPATH_SEARCH_PATHS = (
					"$(inherited)",
					"@executable_path/Frameworks",
					"@loader_path/Frameworks",
				);
				PRODUCT_BUNDLE_IDENTIFIER = ar.com.sobrevilla.TheMealTests;
				PRODUCT_NAME = "$(TARGET_NAME)";
				SWIFT_VERSION = 5.0;
				TARGETED_DEVICE_FAMILY = "1,2";
				TEST_HOST = "$(BUILT_PRODUCTS_DIR)/TheMeal.app/TheMeal";
			};
			name = Release;
		};
/* End XCBuildConfiguration section */

/* Begin XCConfigurationList section */
		3DE47D55251FBB0D00D89C96 /* Build configuration list for PBXProject "TheMeal" */ = {
			isa = XCConfigurationList;
			buildConfigurations = (
				3DE47D77251FBB0E00D89C96 /* Debug */,
				3DE47D78251FBB0E00D89C96 /* Release */,
			);
			defaultConfigurationIsVisible = 0;
			defaultConfigurationName = Release;
		};
		3DE47D79251FBB0E00D89C96 /* Build configuration list for PBXNativeTarget "TheMeal" */ = {
			isa = XCConfigurationList;
			buildConfigurations = (
				3DE47D7A251FBB0E00D89C96 /* Debug */,
				3DE47D7B251FBB0E00D89C96 /* Release */,
			);
			defaultConfigurationIsVisible = 0;
			defaultConfigurationName = Release;
		};
		3DE47D7C251FBB0E00D89C96 /* Build configuration list for PBXNativeTarget "TheMealTests" */ = {
			isa = XCConfigurationList;
			buildConfigurations = (
				3DE47D7D251FBB0E00D89C96 /* Debug */,
				3DE47D7E251FBB0E00D89C96 /* Release */,
			);
			defaultConfigurationIsVisible = 0;
			defaultConfigurationName = Release;
		};
/* End XCConfigurationList section */
	};
	rootObject = 3DE47D52251FBB0D00D89C96 /* Project object */;
}
